version = 1
revision = 3
requires-python = ">=3.11"

[[package]]
name = "codex-reset-watch"
version = "0.7.1"
source = { editable = "." }
dependencies = [
    { name = "telegram-kit" },
]

[package.metadata]
requires-dist = [{ name = "telegram-kit", specifier = ">=0.1.3,<0.2" }]

[[package]]
name = "telegram-kit"
version = "0.1.3"
source = { registry = "https://pypi.org/simple" }
sdist = { url = "https://files.pythonhosted.org/packages/9f/c3/8d534d19c985eb084868e270b5a78b0edac186561d024a1cc3afdc258570/telegram_kit-0.1.3.tar.gz", hash = "sha256:7725a4a6942007c35e8f5413c1f37010edb372d56f3066083ba5594f2de4b309", size = 16978, upload-time = "2026-09-26T20:27:36.384Z" }
wheels = [
    { url = "https://files.pythonhosted.org/packages/cd/dc/6faec566b8d8144129bb3111a04602093c127482a1788ccbf5bf53ece8cd/telegram_kit-0.1.3-py3-none-any.whl", hash = "sha256:e32d0b6e51b0e634a20c280b25cbdae1a6280dbc0f569016180ecdec58471a6e", size = 8805, upload-time = "2026-09-26T20:27:35.337Z" },
]
