version = 1
revision = 3
requires-python = ">=3.11"

[[package]]
name = "codex-reset-watch"
version = "0.14.0"
source = { editable = "." }
dependencies = [
    { name = "telegram-kit" },
]

[package.metadata]
requires-dist = [{ name = "telegram-kit", specifier = ">=0.2.0,<0.3" }]

[[package]]
name = "telegram-kit"
version = "0.2.1"
source = { registry = "https://pypi.org/simple" }
sdist = { url = "https://files.pythonhosted.org/packages/1c/a4/a30f1946946d1d9270490b81e6b9b8c586f5a757c71357b548af2abdb1e4/telegram_kit-0.2.1.tar.gz", hash = "sha256:95214e269ad5c3e4ca39b7dad6a0caad1fae6bbe12b911ead0a4d9b00f32f0d9", size = 20780, upload-time = "2026-09-28T04:29:01.812Z" }
wheels = [
    { url = "https://files.pythonhosted.org/packages/7d/db/0c90963b910c270619570b21e99ceca2190aeb3037bbc6540f568bb5c59f/telegram_kit-0.2.1-py3-none-any.whl", hash = "sha256:0df45c193342fd86261fb23f051edaa0ac00c0b813cfbf3f3fcb83a099ac71e8", size = 10565, upload-time = "2026-09-28T04:29:01.026Z" },
]
