version = 1
revision = 3
requires-python = ">=3.11"

[[package]]
name = "codex-reset-watch"
version = "0.10.1"
source = { editable = "." }
dependencies = [
    { name = "telegram-kit" },
]

[package.metadata]
requires-dist = [{ name = "telegram-kit", specifier = ">=0.1.5,<0.2" }]

[[package]]
name = "telegram-kit"
version = "0.1.5"
source = { registry = "https://pypi.org/simple" }
sdist = { url = "https://files.pythonhosted.org/packages/b9/b0/6b87e04bec453c35cfba23388b0fe0b2cdf0ea5d0c5c84a3cd4d2ad720f1/telegram_kit-0.1.5.tar.gz", hash = "sha256:900d4026d7d7d27a8b27df33bf83c16f75ff4a2d66fca17ca7fb8ca4ecde5909", size = 20214, upload-time = "2026-09-28T02:10:06.248Z" }
wheels = [
    { url = "https://files.pythonhosted.org/packages/45/68/d2bf525ca88f2143b5ff93c89b4f3047aa3f1ba4877119ca81b2c4b933dd/telegram_kit-0.1.5-py3-none-any.whl", hash = "sha256:eb2971c9a6a9ea4f800e0892a5462e3e380dd805e89478b6aea901b360a8de9f", size = 10142, upload-time = "2026-09-28T02:10:05.277Z" },
]
